// !$*UTF8*$!
{
	archiveVersion = 1;
	classes = {
	};
	objectVersion = 54;
	objects = {

/* Begin PBXBuildFile section */
		71743E1162D84E418730624A /* PurchaseValidation.storekit in Resources */ = {isa = PBXBuildFile; fileRef = 1AC31EFFF8867D406EAE8C74 /* PurchaseValidation.storekit */; };
		98E4F468CE60067C5DD26566 /* StoreKitPurchaseFlowTests.swift in Sources */ = {isa = PBXBuildFile; fileRef = 5789F03E119B0FF77F34647D /* StoreKitPurchaseFlowTests.swift */; };
		C9381903959C98F916184B62 /* TransactionRetentionStore.swift in Sources */ = {isa = PBXBuildFile; fileRef = 4E237B3D22318ABB11465AFA /* TransactionRetentionStore.swift */; };
		FBF55D4DFA2DF08FAD6E140A /* StoreKitTestHostApp.swift in Sources */ = {isa = PBXBuildFile; fileRef = 6EC96AC732D5E2AE9EBEDCBA /* StoreKitTestHostApp.swift */; };
/* End PBXBuildFile section */

/* Begin PBXContainerItemProxy section */
		E43D293A98BF98D7A514964D /* PBXContainerItemProxy */ = {
			isa = PBXContainerItemProxy;
			containerPortal = FBD4E49A27AEFF0B42A14386 /* Project object */;
			proxyType = 1;
			remoteGlobalIDString = 271346F0A3E8EA48F8504037;
			remoteInfo = StoreKitTestHost;
		};
/* End PBXContainerItemProxy section */

/* Begin PBXFileReference section */
		06DC0DC54F27D7AADB7314A2 /* Info.plist */ = {isa = PBXFileReference; lastKnownFileType = text.plist; path = Info.plist; sourceTree = "<group>"; };
		1AC31EFFF8867D406EAE8C74 /* PurchaseValidation.storekit */ = {isa = PBXFileReference; path = PurchaseValidation.storekit; sourceTree = "<group>"; };
		3594AB4FF78F38B6BF818B4C /* StoreKitTestHost.app */ = {isa = PBXFileReference; includeInIndex = 0; lastKnownFileType = wrapper.application; path = StoreKitTestHost.app; sourceTree = BUILT_PRODUCTS_DIR; };
		4D6F996A7330DF6D235205D1 /* StoreKitPurchaseTests.xctest */ = {isa = PBXFileReference; includeInIndex = 0; lastKnownFileType = wrapper.cfbundle; path = StoreKitPurchaseTests.xctest; sourceTree = BUILT_PRODUCTS_DIR; };
		4E237B3D22318ABB11465AFA /* TransactionRetentionStore.swift */ = {isa = PBXFileReference; lastKnownFileType = sourcecode.swift; path = TransactionRetentionStore.swift; sourceTree = "<group>"; };
		5121A5FFFDFDCBCC7C38AAF0 /* Info.plist */ = {isa = PBXFileReference; lastKnownFileType = text.plist; path = Info.plist; sourceTree = "<group>"; };
		5789F03E119B0FF77F34647D /* StoreKitPurchaseFlowTests.swift */ = {isa = PBXFileReference; lastKnownFileType = sourcecode.swift; path = StoreKitPurchaseFlowTests.swift; sourceTree = "<group>"; };
		6EC96AC732D5E2AE9EBEDCBA /* StoreKitTestHostApp.swift */ = {isa = PBXFileReference; lastKnownFileType = sourcecode.swift; path = StoreKitTestHostApp.swift; sourceTree = "<group>"; };
/* End PBXFileReference section */

/* Begin PBXGroup section */
		24D45DB545B792AE98FCA790 /* Products */ = {
			isa = PBXGroup;
			children = (
				4D6F996A7330DF6D235205D1 /* StoreKitPurchaseTests.xctest */,
				3594AB4FF78F38B6BF818B4C /* StoreKitTestHost.app */,
			);
			name = Products;
			sourceTree = "<group>";
		};
		2DD93207646CF33AA9AAF24A /* Tests */ = {
			isa = PBXGroup;
			children = (
				06DC0DC54F27D7AADB7314A2 /* Info.plist */,
				5789F03E119B0FF77F34647D /* StoreKitPurchaseFlowTests.swift */,
			);
			path = Tests;
			sourceTree = "<group>";
		};
		36DA1AAE71E753597643C3B7 /* StoreKit */ = {
			isa = PBXGroup;
			children = (
				4E237B3D22318ABB11465AFA /* TransactionRetentionStore.swift */,
			);
			name = StoreKit;
			path = ../../ios/Sources/VoidhashCore/StoreKit;
			sourceTree = "<group>";
		};
		7AFCDDEE6121D38D72AC68A2 /* Resources */ = {
			isa = PBXGroup;
			children = (
				1AC31EFFF8867D406EAE8C74 /* PurchaseValidation.storekit */,
			);
			path = Resources;
			sourceTree = "<group>";
		};
		8C21C3C7614B1B562227F5F6 = {
			isa = PBXGroup;
			children = (
				CB68E4A96D58BA5280F82D7C /* App */,
				7AFCDDEE6121D38D72AC68A2 /* Resources */,
				36DA1AAE71E753597643C3B7 /* StoreKit */,
				2DD93207646CF33AA9AAF24A /* Tests */,
				24D45DB545B792AE98FCA790 /* Products */,
			);
			sourceTree = "<group>";
		};
		CB68E4A96D58BA5280F82D7C /* App */ = {
			isa = PBXGroup;
			children = (
				5121A5FFFDFDCBCC7C38AAF0 /* Info.plist */,
				6EC96AC732D5E2AE9EBEDCBA /* StoreKitTestHostApp.swift */,
			);
			path = App;
			sourceTree = "<group>";
		};
/* End PBXGroup section */

/* Begin PBXNativeTarget section */
		271346F0A3E8EA48F8504037 /* StoreKitTestHost */ = {
			isa = PBXNativeTarget;
			buildConfigurationList = F884ECBCE04D15632A58D338 /* Build configuration list for PBXNativeTarget "StoreKitTestHost" */;
			buildPhases = (
				E1CA40D83AA79231C982DE5D /* Sources */,
			);
			buildRules = (
			);
			dependencies = (
			);
			name = StoreKitTestHost;
			packageProductDependencies = (
			);
			productName = StoreKitTestHost;
			productReference = 3594AB4FF78F38B6BF818B4C /* StoreKitTestHost.app */;
			productType = "com.apple.product-type.application";
		};
		AF8D7E339BBF86B8988638AA /* StoreKitPurchaseTests */ = {
			isa = PBXNativeTarget;
			buildConfigurationList = 9F1E1CAE767DDE3E56ED741D /* Build configuration list for PBXNativeTarget "StoreKitPurchaseTests" */;
			buildPhases = (
				49617E58476F3B156809EE60 /* Sources */,
				63995F2A70CFF0718FD064A1 /* Resources */,
			);
			buildRules = (
			);
			dependencies = (
				497BFB92BB7DB682DD4F2F53 /* PBXTargetDependency */,
			);
			name = StoreKitPurchaseTests;
			packageProductDependencies = (
			);
			productName = StoreKitPurchaseTests;
			productReference = 4D6F996A7330DF6D235205D1 /* StoreKitPurchaseTests.xctest */;
			productType = "com.apple.product-type.bundle.unit-test";
		};
/* End PBXNativeTarget section */

/* Begin PBXProject section */
		FBD4E49A27AEFF0B42A14386 /* Project object */ = {
			isa = PBXProject;
			attributes = {
				BuildIndependentTargetsInParallel = YES;
				LastUpgradeCheck = 1430;
				TargetAttributes = {
				};
			};
			buildConfigurationList = 938E6578C1ED87D70BFA70A2 /* Build configuration list for PBXProject "VoidhashStoreKitTests" */;
			compatibilityVersion = "Xcode 14.0";
			developmentRegion = en;
			hasScannedForEncodings = 0;
			knownRegions = (
				Base,
				en,
			);
			mainGroup = 8C21C3C7614B1B562227F5F6;
			minimizedProjectReferenceProxies = 1;
			preferredProjectObjectVersion = 54;
			projectDirPath = "";
			projectRoot = "";
			targets = (
				AF8D7E339BBF86B8988638AA /* StoreKitPurchaseTests */,
				271346F0A3E8EA48F8504037 /* StoreKitTestHost */,
			);
		};
/* End PBXProject section */

/* Begin PBXResourcesBuildPhase section */
		63995F2A70CFF0718FD064A1 /* Resources */ = {
			isa = PBXResourcesBuildPhase;
			buildActionMask = 2147483647;
			files = (
				71743E1162D84E418730624A /* PurchaseValidation.storekit in Resources */,
			);
			runOnlyForDeploymentPostprocessing = 0;
		};
/* End PBXResourcesBuildPhase section */

/* Begin PBXSourcesBuildPhase section */
		49617E58476F3B156809EE60 /* Sources */ = {
			isa = PBXSourcesBuildPhase;
			buildActionMask = 2147483647;
			files = (
				98E4F468CE60067C5DD26566 /* StoreKitPurchaseFlowTests.swift in Sources */,
				C9381903959C98F916184B62 /* TransactionRetentionStore.swift in Sources */,
			);
			runOnlyForDeploymentPostprocessing = 0;
		};
		E1CA40D83AA79231C982DE5D /* Sources */ = {
			isa = PBXSourcesBuildPhase;
			buildActionMask = 2147483647;
			files = (
				FBF55D4DFA2DF08FAD6E140A /* StoreKitTestHostApp.swift in Sources */,
			);
			runOnlyForDeploymentPostprocessing = 0;
		};
/* End PBXSourcesBuildPhase section */

/* Begin PBXTargetDependency section */
		497BFB92BB7DB682DD4F2F53 /* PBXTargetDependency */ = {
			isa = PBXTargetDependency;
			target = 271346F0A3E8EA48F8504037 /* StoreKitTestHost */;
			targetProxy = E43D293A98BF98D7A514964D /* PBXContainerItemProxy */;
		};
/* End PBXTargetDependency section */

/* Begin XCBuildConfiguration section */
		0A9F0F9FF437C1D9EF478A76 /* Debug */ = {
			isa = XCBuildConfiguration;
			buildSettings = {
				BUNDLE_LOADER = "$(TEST_HOST)";
				INFOPLIST_FILE = Tests/Info.plist;
				LD_RUNPATH_SEARCH_PATHS = (
					"$(inherited)",
					"@executable_path/Frameworks",
					"@loader_path/Frameworks",
				);
				PRODUCT_BUNDLE_IDENTIFIER = com.voidhash.tests.StoreKitPurchaseTests;
				SDKROOT = iphoneos;
				TARGETED_DEVICE_FAMILY = "1,2";
				TEST_HOST = "$(BUILT_PRODUCTS_DIR)/StoreKitTestHost.app/StoreKitTestHost";
			};
			name = Debug;
		};
		1F13584BAAFE649397EC66EC /* Debug */ = {
			isa = XCBuildConfiguration;
			buildSettings = {
				ALWAYS_SEARCH_USER_PATHS = NO;
				CLANG_ANALYZER_NONNULL = YES;
				CLANG_ANALYZER_NUMBER_OBJECT_CONVERSION = YES_AGGRESSIVE;
				CLANG_CXX_LANGUAGE_STANDARD = "gnu++14";
				CLANG_CXX_LIBRARY = "libc++";
				CLANG_ENABLE_MODULES = YES;
				CLANG_ENABLE_OBJC_ARC = YES;
				CLANG_ENABLE_OBJC_WEAK = YES;
				CLANG_WARN_BLOCK_CAPTURE_AUTORELEASING = YES;
				CLANG_WARN_BOOL_CONVERSION = YES;
				CLANG_WARN_COMMA = YES;
				CLANG_WARN_CONSTANT_CONVERSION = YES;
				CLANG_WARN_DEPRECATED_OBJC_IMPLEMENTATIONS = YES;
				CLANG_WARN_DIRECT_OBJC_ISA_USAGE = YES_ERROR;
				CLANG_WARN_DOCUMENTATION_COMMENTS = YES;
				CLANG_WARN_EMPTY_BODY = YES;
				CLANG_WARN_ENUM_CONVERSION = YES;
				CLANG_WARN_INFINITE_RECURSION = YES;
				CLANG_WARN_INT_CONVERSION = YES;
				CLANG_WARN_NON_LITERAL_NULL_CONVERSION = YES;
				CLANG_WARN_OBJC_IMPLICIT_RETAIN_SELF = YES;
				CLANG_WARN_OBJC_LITERAL_CONVERSION = YES;
				CLANG_WARN_OBJC_ROOT_CLASS = YES_ERROR;
				CLANG_WARN_QUOTED_INCLUDE_IN_FRAMEWORK_HEADER = YES;
				CLANG_WARN_RANGE_LOOP_ANALYSIS = YES;
				CLANG_WARN_STRICT_PROTOTYPES = YES;
				CLANG_WARN_SUSPICIOUS_MOVE = YES;
				CLANG_WARN_UNGUARDED_AVAILABILITY = YES_AGGRESSIVE;
				CLANG_WARN_UNREACHABLE_CODE = YES;
				CLANG_WARN__DUPLICATE_METHOD_MATCH = YES;
				COPY_PHASE_STRIP = NO;
				DEBUG_INFORMATION_FORMAT = dwarf;
				ENABLE_STRICT_OBJC_MSGSEND = YES;
				ENABLE_TESTABILITY = YES;
				GCC_C_LANGUAGE_STANDARD = gnu11;
				GCC_DYNAMIC_NO_PIC = NO;
				GCC_NO_COMMON_BLOCKS = YES;
				GCC_OPTIMIZATION_LEVEL = 0;
				GCC_PREPROCESSOR_DEFINITIONS = (
					"$(inherited)",
					"DEBUG=1",
				);
				GCC_WARN_64_TO_32_BIT_CONVERSION = YES;
				GCC_WARN_ABOUT_RETURN_TYPE = YES_ERROR;
				GCC_WARN_UNDECLARED_SELECTOR = YES;
				GCC_WARN_UNINITIALIZED_AUTOS = YES_AGGRESSIVE;
				GCC_WARN_UNUSED_FUNCTION = YES;
				GCC_WARN_UNUSED_VARIABLE = YES;
				IPHONEOS_DEPLOYMENT_TARGET = 17.0;
				MTL_ENABLE_DEBUG_INFO = INCLUDE_SOURCE;
				MTL_FAST_MATH = YES;
				ONLY_ACTIVE_ARCH = YES;
				PRODUCT_NAME = "$(TARGET_NAME)";
				SDKROOT = iphoneos;
				SWIFT_ACTIVE_COMPILATION_CONDITIONS = DEBUG;
				SWIFT_OPTIMIZATION_LEVEL = "-Onone";
				SWIFT_VERSION = 6.0;
			};
			name = Debug;
		};
		3066712202F420F303776692 /* Release */ = {
			isa = XCBuildConfiguration;
			buildSettings = {
				BUNDLE_LOADER = "$(TEST_HOST)";
				INFOPLIST_FILE = Tests/Info.plist;
				LD_RUNPATH_SEARCH_PATHS = (
					"$(inherited)",
					"@executable_path/Frameworks",
					"@loader_path/Frameworks",
				);
				PRODUCT_BUNDLE_IDENTIFIER = com.voidhash.tests.StoreKitPurchaseTests;
				SDKROOT = iphoneos;
				TARGETED_DEVICE_FAMILY = "1,2";
				TEST_HOST = "$(BUILT_PRODUCTS_DIR)/StoreKitTestHost.app/StoreKitTestHost";
			};
			name = Release;
		};
		A751E88263B9BAE62D19669C /* Release */ = {
			isa = XCBuildConfiguration;
			buildSettings = {
				ASSETCATALOG_COMPILER_APPICON_NAME = AppIcon;
				CODE_SIGN_IDENTITY = "iPhone Developer";
				INFOPLIST_FILE = App/Info.plist;
				LD_RUNPATH_SEARCH_PATHS = (
					"$(inherited)",
					"@executable_path/Frameworks",
				);
				PRODUCT_BUNDLE_IDENTIFIER = com.voidhash.tests.StoreKitTestHost;
				SDKROOT = iphoneos;
				TARGETED_DEVICE_FAMILY = "1,2";
			};
			name = Release;
		};
		B0FA7472C27B4088F6B9FDF8 /* Debug */ = {
			isa = XCBuildConfiguration;
			buildSettings = {
				ASSETCATALOG_COMPILER_APPICON_NAME = AppIcon;
				CODE_SIGN_IDENTITY = "iPhone Developer";
				INFOPLIST_FILE = App/Info.plist;
				LD_RUNPATH_SEARCH_PATHS = (
					"$(inherited)",
					"@executable_path/Frameworks",
				);
				PRODUCT_BUNDLE_IDENTIFIER = com.voidhash.tests.StoreKitTestHost;
				SDKROOT = iphoneos;
				TARGETED_DEVICE_FAMILY = "1,2";
			};
			name = Debug;
		};
		DC480F57128A2F5945ED1F46 /* Release */ = {
			isa = XCBuildConfiguration;
			buildSettings = {
				ALWAYS_SEARCH_USER_PATHS = NO;
				CLANG_ANALYZER_NONNULL = YES;
				CLANG_ANALYZER_NUMBER_OBJECT_CONVERSION = YES_AGGRESSIVE;
				CLANG_CXX_LANGUAGE_STANDARD = "gnu++14";
				CLANG_CXX_LIBRARY = "libc++";
				CLANG_ENABLE_MODULES = YES;
				CLANG_ENABLE_OBJC_ARC = YES;
				CLANG_ENABLE_OBJC_WEAK = YES;
				CLANG_WARN_BLOCK_CAPTURE_AUTORELEASING = YES;
				CLANG_WARN_BOOL_CONVERSION = YES;
				CLANG_WARN_COMMA = YES;
				CLANG_WARN_CONSTANT_CONVERSION = YES;
				CLANG_WARN_DEPRECATED_OBJC_IMPLEMENTATIONS = YES;
				CLANG_WARN_DIRECT_OBJC_ISA_USAGE = YES_ERROR;
				CLANG_WARN_DOCUMENTATION_COMMENTS = YES;
				CLANG_WARN_EMPTY_BODY = YES;
				CLANG_WARN_ENUM_CONVERSION = YES;
				CLANG_WARN_INFINITE_RECURSION = YES;
				CLANG_WARN_INT_CONVERSION = YES;
				CLANG_WARN_NON_LITERAL_NULL_CONVERSION = YES;
				CLANG_WARN_OBJC_IMPLICIT_RETAIN_SELF = YES;
				CLANG_WARN_OBJC_LITERAL_CONVERSION = YES;
				CLANG_WARN_OBJC_ROOT_CLASS = YES_ERROR;
				CLANG_WARN_QUOTED_INCLUDE_IN_FRAMEWORK_HEADER = YES;
				CLANG_WARN_RANGE_LOOP_ANALYSIS = YES;
				CLANG_WARN_STRICT_PROTOTYPES = YES;
				CLANG_WARN_SUSPICIOUS_MOVE = YES;
				CLANG_WARN_UNGUARDED_AVAILABILITY = YES_AGGRESSIVE;
				CLANG_WARN_UNREACHABLE_CODE = YES;
				CLANG_WARN__DUPLICATE_METHOD_MATCH = YES;
				COPY_PHASE_STRIP = NO;
				DEBUG_INFORMATION_FORMAT = "dwarf-with-dsym";
				ENABLE_NS_ASSERTIONS = NO;
				ENABLE_STRICT_OBJC_MSGSEND = YES;
				GCC_C_LANGUAGE_STANDARD = gnu11;
				GCC_NO_COMMON_BLOCKS = YES;
				GCC_WARN_64_TO_32_BIT_CONVERSION = YES;
				GCC_WARN_ABOUT_RETURN_TYPE = YES_ERROR;
				GCC_WARN_UNDECLARED_SELECTOR = YES;
				GCC_WARN_UNINITIALIZED_AUTOS = YES_AGGRESSIVE;
				GCC_WARN_UNUSED_FUNCTION = YES;
				GCC_WARN_UNUSED_VARIABLE = YES;
				IPHONEOS_DEPLOYMENT_TARGET = 17.0;
				MTL_ENABLE_DEBUG_INFO = NO;
				MTL_FAST_MATH = YES;
				PRODUCT_NAME = "$(TARGET_NAME)";
				SDKROOT = iphoneos;
				SWIFT_COMPILATION_MODE = wholemodule;
				SWIFT_OPTIMIZATION_LEVEL = "-O";
				SWIFT_VERSION = 6.0;
			};
			name = Release;
		};
/* End XCBuildConfiguration section */

/* Begin XCConfigurationList section */
		938E6578C1ED87D70BFA70A2 /* Build configuration list for PBXProject "VoidhashStoreKitTests" */ = {
			isa = XCConfigurationList;
			buildConfigurations = (
				1F13584BAAFE649397EC66EC /* Debug */,
				DC480F57128A2F5945ED1F46 /* Release */,
			);
			defaultConfigurationIsVisible = 0;
			defaultConfigurationName = Debug;
		};
		9F1E1CAE767DDE3E56ED741D /* Build configuration list for PBXNativeTarget "StoreKitPurchaseTests" */ = {
			isa = XCConfigurationList;
			buildConfigurations = (
				0A9F0F9FF437C1D9EF478A76 /* Debug */,
				3066712202F420F303776692 /* Release */,
			);
			defaultConfigurationIsVisible = 0;
			defaultConfigurationName = Debug;
		};
		F884ECBCE04D15632A58D338 /* Build configuration list for PBXNativeTarget "StoreKitTestHost" */ = {
			isa = XCConfigurationList;
			buildConfigurations = (
				B0FA7472C27B4088F6B9FDF8 /* Debug */,
				A751E88263B9BAE62D19669C /* Release */,
			);
			defaultConfigurationIsVisible = 0;
			defaultConfigurationName = Debug;
		};
/* End XCConfigurationList section */
	};
	rootObject = FBD4E49A27AEFF0B42A14386 /* Project object */;
}
